
Microsoft Visual Studio Solution File, Format Version 12.00
# Visual Studio Version 17
VisualStudioVersion = 17.1.32414.318
MinimumVisualStudioVersion = 10.0.40219.1
Project("{FAE04EC0-301F-11D3-BF4B-00C04F79EFBC}") = "UserSignUp", "UserSignUp\UserSignUp.csproj", "{21CA9A5A-5943-4E12-9048-EE35182623C5}"
EndProject
Global
	GlobalSection(SolutionConfigurationPlatforms) = preSolution
		Debug|Any CPU = Debug|Any CPU
		Release|Any CPU = Release|Any CPU
	EndGlobalSection
	GlobalSection(ProjectConfigurationPlatforms) = postSolution
		{21CA9A5A-5943-4E12-9048-EE35182623C5}.Debug|Any CPU.ActiveCfg = Debug|Any CPU
		{21CA9A5A-5943-4E12-9048-EE35182623C5}.Debug|Any CPU.Build.0 = Debug|Any CPU
		{21CA9A5A-5943-4E12-9048-EE35182623C5}.Release|Any CPU.ActiveCfg = Release|Any CPU
		{21CA9A5A-5943-4E12-9048-EE35182623C5}.Release|Any CPU.Build.0 = Release|Any CPU
	EndGlobalSection
	GlobalSection(SolutionProperties) = preSolution
		HideSolutionNode = FALSE
	EndGlobalSection
	GlobalSection(ExtensibilityGlobals) = postSolution
		SolutionGuid = {3E686179-BDA9-4F5E-A63C-AE7B16A77FF2}
	EndGlobalSection
EndGlobal
